
Microsoft Visual Studio Solution File, Format Version 12.00
# Visual Studio Version 17
VisualStudioVersion = 17.2.32505.173
MinimumVisualStudioVersion = 10.0.40219.1
Project("{FAE04EC0-301F-11D3-BF4B-00C04F79EFBC}") = "IdentityAuth", "IdentityAuth\IdentityAuth.csproj", "{4B63799A-04C3-46DB-8A4B-440C0B0D64FD}"
EndProject
Global
	GlobalSection(SolutionConfigurationPlatforms) = preSolution
		Debug|Any CPU = Debug|Any CPU
		Release|Any CPU = Release|Any CPU
	EndGlobalSection
	GlobalSection(ProjectConfigurationPlatforms) = postSolution
		{4B63799A-04C3-46DB-8A4B-440C0B0D64FD}.Debug|Any CPU.ActiveCfg = Debug|Any CPU
		{4B63799A-04C3-46DB-8A4B-440C0B0D64FD}.Debug|Any CPU.Build.0 = Debug|Any CPU
		{4B63799A-04C3-46DB-8A4B-440C0B0D64FD}.Release|Any CPU.ActiveCfg = Release|Any CPU
		{4B63799A-04C3-46DB-8A4B-440C0B0D64FD}.Release|Any CPU.Build.0 = Release|Any CPU
	EndGlobalSection
	GlobalSection(SolutionProperties) = preSolution
		HideSolutionNode = FALSE
	EndGlobalSection
	GlobalSection(ExtensibilityGlobals) = postSolution
		SolutionGuid = {D9E347B2-A484-4AD0-B54B-41DFC2ADA96C}
	EndGlobalSection
EndGlobal
